// !$*UTF8*$!
{
	archiveVersion = 1;
	classes = {
	};
	objectVersion = 52;
	objects = {

/* Begin PBXBuildFile section */
		D92CD5DA2544EF5000E461F6 /* WeathAirShared in Frameworks */ = {isa = PBXBuildFile; productRef = D92CD5D92544EF5000E461F6 /* WeathAirShared */; };
		D9B4786B252AD48800E86B50 /* AppDelegate.swift in Sources */ = {isa = PBXBuildFile; fileRef = D9B4786A252AD48800E86B50 /* AppDelegate.swift */; };
		D9B4786D252AD48800E86B50 /* SceneDelegate.swift in Sources */ = {isa = PBXBuildFile; fileRef = D9B4786C252AD48800E86B50 /* SceneDelegate.swift */; };
		D9B4786F252AD48800E86B50 /* ContentView.swift in Sources */ = {isa = PBXBuildFile; fileRef = D9B4786E252AD48800E86B50 /* ContentView.swift */; };
		D9B47871252AD48900E86B50 /* Assets.xcassets in Resources */ = {isa = PBXBuildFile; fileRef = D9B47870252AD48900E86B50 /* Assets.xcassets */; };
		D9B47874252AD48900E86B50 /* Preview Assets.xcassets in Resources */ = {isa = PBXBuildFile; fileRef = D9B47873252AD48900E86B50 /* Preview Assets.xcassets */; };
		D9B47877252AD48900E86B50 /* LaunchScreen.storyboard in Resources */ = {isa = PBXBuildFile; fileRef = D9B47875252AD48900E86B50 /* LaunchScreen.storyboard */; };
/* End PBXBuildFile section */

/* Begin PBXFileReference section */
		D9B47867252AD48800E86B50 /* WeathAir-iOS.app */ = {isa = PBXFileReference; explicitFileType = wrapper.application; includeInIndex = 0; path = "WeathAir-iOS.app"; sourceTree = BUILT_PRODUCTS_DIR; };
		D9B4786A252AD48800E86B50 /* AppDelegate.swift */ = {isa = PBXFileReference; lastKnownFileType = sourcecode.swift; path = AppDelegate.swift; sourceTree = "<group>"; };
		D9B4786C252AD48800E86B50 /* SceneDelegate.swift */ = {isa = PBXFileReference; lastKnownFileType = sourcecode.swift; path = SceneDelegate.swift; sourceTree = "<group>"; };
		D9B4786E252AD48800E86B50 /* ContentView.swift */ = {isa = PBXFileReference; lastKnownFileType = sourcecode.swift; path = ContentView.swift; sourceTree = "<group>"; };
		D9B47870252AD48900E86B50 /* Assets.xcassets */ = {isa = PBXFileReference; lastKnownFileType = folder.assetcatalog; path = Assets.xcassets; sourceTree = "<group>"; };
		D9B47873252AD48900E86B50 /* Preview Assets.xcassets */ = {isa = PBXFileReference; lastKnownFileType = folder.assetcatalog; path = "Preview Assets.xcassets"; sourceTree = "<group>"; };
		D9B47876252AD48900E86B50 /* Base */ = {isa = PBXFileReference; lastKnownFileType = file.storyboard; name = Base; path = Base.lproj/LaunchScreen.storyboard; sourceTree = "<group>"; };
		D9B47878252AD48900E86B50 /* Info.plist */ = {isa = PBXFileReference; lastKnownFileType = text.plist.xml; path = Info.plist; sourceTree = "<group>"; };
/* End PBXFileReference section */

/* Begin PBXFrameworksBuildPhase section */
		D9B47864252AD48800E86B50 /* Frameworks */ = {
			isa = PBXFrameworksBuildPhase;
			buildActionMask = 2147483647;
			files = (
				D92CD5DA2544EF5000E461F6 /* WeathAirShared in Frameworks */,
			);
			runOnlyForDeploymentPostprocessing = 0;
		};
/* End PBXFrameworksBuildPhase section */

/* Begin PBXGroup section */
		D9B4785E252AD48800E86B50 = {
			isa = PBXGroup;
			children = (
				D9B47869252AD48800E86B50 /* WeathAir-iOS */,
				D9B47868252AD48800E86B50 /* Products */,
				D9CD641B25329F9100685AAC /* Frameworks */,
			);
			sourceTree = "<group>";
		};
		D9B47868252AD48800E86B50 /* Products */ = {
			isa = PBXGroup;
			children = (
				D9B47867252AD48800E86B50 /* WeathAir-iOS.app */,
			);
			name = Products;
			sourceTree = "<group>";
		};
		D9B47869252AD48800E86B50 /* WeathAir-iOS */ = {
			isa = PBXGroup;
			children = (
				D9B4786A252AD48800E86B50 /* AppDelegate.swift */,
				D9B4786C252AD48800E86B50 /* SceneDelegate.swift */,
				D9B4786E252AD48800E86B50 /* ContentView.swift */,
				D9B47870252AD48900E86B50 /* Assets.xcassets */,
				D9B47875252AD48900E86B50 /* LaunchScreen.storyboard */,
				D9B47878252AD48900E86B50 /* Info.plist */,
				D9B47872252AD48900E86B50 /* Preview Content */,
			);
			path = "WeathAir-iOS";
			sourceTree = "<group>";
		};
		D9B47872252AD48900E86B50 /* Preview Content */ = {
			isa = PBXGroup;
			children = (
				D9B47873252AD48900E86B50 /* Preview Assets.xcassets */,
			);
			path = "Preview Content";
			sourceTree = "<group>";
		};
		D9CD641B25329F9100685AAC /* Frameworks */ = {
			isa = PBXGroup;
			children = (
			);
			name = Frameworks;
			sourceTree = "<group>";
		};
/* End PBXGroup section */

/* Begin PBXNativeTarget section */
		D9B47866252AD48800E86B50 /* WeathAir-iOS */ = {
			isa = PBXNativeTarget;
			buildConfigurationList = D9B4787B252AD48900E86B50 /* Build configuration list for PBXNativeTarget "WeathAir-iOS" */;
			buildPhases = (
				D9B47863252AD48800E86B50 /* Sources */,
				D9B47864252AD48800E86B50 /* Frameworks */,
				D9B47865252AD48800E86B50 /* Resources */,
			);
			buildRules = (
			);
			dependencies = (
			);
			name = "WeathAir-iOS";
			packageProductDependencies = (
				D92CD5D92544EF5000E461F6 /* WeathAirShared */,
			);
			productName = "WeathAir-iOS";
			productReference = D9B47867252AD48800E86B50 /* WeathAir-iOS.app */;
			productType = "com.apple.product-type.application";
		};
/* End PBXNativeTarget section */

/* Begin PBXProject section */
		D9B4785F252AD48800E86B50 /* Project object */ = {
			isa = PBXProject;
			attributes = {
				LastSwiftUpdateCheck = 1200;
				LastUpgradeCheck = 1200;
				TargetAttributes = {
					D9B47866252AD48800E86B50 = {
						CreatedOnToolsVersion = 12.0.1;
					};
				};
			};
			buildConfigurationList = D9B47862252AD48800E86B50 /* Build configuration list for PBXProject "WeathAir-iOS" */;
			compatibilityVersion = "Xcode 9.3";
			developmentRegion = en;
			hasScannedForEncodings = 0;
			knownRegions = (
				en,
				Base,
			);
			mainGroup = D9B4785E252AD48800E86B50;
			productRefGroup = D9B47868252AD48800E86B50 /* Products */;
			projectDirPath = "";
			projectRoot = "";
			targets = (
				D9B47866252AD48800E86B50 /* WeathAir-iOS */,
			);
		};
/* End PBXProject section */

/* Begin PBXResourcesBuildPhase section */
		D9B47865252AD48800E86B50 /* Resources */ = {
			isa = PBXResourcesBuildPhase;
			buildActionMask = 2147483647;
			files = (
				D9B47877252AD48900E86B50 /* LaunchScreen.storyboard in Resources */,
				D9B47874252AD48900E86B50 /* Preview Assets.xcassets in Resources */,
				D9B47871252AD48900E86B50 /* Assets.xcassets in Resources */,
			);
			runOnlyForDeploymentPostprocessing = 0;
		};
/* End PBXResourcesBuildPhase section */

/* Begin PBXSourcesBuildPhase section */
		D9B47863252AD48800E86B50 /* Sources */ = {
			isa = PBXSourcesBuildPhase;
			buildActionMask = 2147483647;
			files = (
				D9B4786B252AD48800E86B50 /* AppDelegate.swift in Sources */,
				D9B4786D252AD48800E86B50 /* SceneDelegate.swift in Sources */,
				D9B4786F252AD48800E86B50 /* ContentView.swift in Sources */,
			);
			runOnlyForDeploymentPostprocessing = 0;
		};
/* End PBXSourcesBuildPhase section */

/* Begin PBXVariantGroup section */
		D9B47875252AD48900E86B50 /* LaunchScreen.storyboard */ = {
			isa = PBXVariantGroup;
			children = (
				D9B47876252AD48900E86B50 /* Base */,
			);
			name = LaunchScreen.storyboard;
			sourceTree = "<group>";
		};
/* End PBXVariantGroup section */

/* Begin XCBuildConfiguration section */
		D9B47879252AD48900E86B50 /* Debug */ = {
			isa = XCBuildConfiguration;
			buildSettings = {
				ALWAYS_SEARCH_USER_PATHS = NO;
				CLANG_ANALYZER_NONNULL = YES;
				CLANG_ANALYZER_NUMBER_OBJECT_CONVERSION = YES_AGGRESSIVE;
				CLANG_CXX_LANGUAGE_STANDARD = "gnu++14";
				CLANG_CXX_LIBRARY = "libc++";
				CLANG_ENABLE_MODULES = YES;
				CLANG_ENABLE_OBJC_ARC = YES;
				CLANG_ENABLE_OBJC_WEAK = YES;
				CLANG_WARN_BLOCK_CAPTURE_AUTORELEASING = YES;
				CLANG_WARN_BOOL_CONVERSION = YES;
				CLANG_WARN_COMMA = YES;
				CLANG_WARN_CONSTANT_CONVERSION = YES;
				CLANG_WARN_DEPRECATED_OBJC_IMPLEMENTATIONS = YES;
				CLANG_WARN_DIRECT_OBJC_ISA_USAGE = YES_ERROR;
				CLANG_WARN_DOCUMENTATION_COMMENTS = YES;
				CLANG_WARN_EMPTY_BODY = YES;
				CLANG_WARN_ENUM_CONVERSION = YES;
				CLANG_WARN_INFINITE_RECURSION = YES;
				CLANG_WARN_INT_CONVERSION = YES;
				CLANG_WARN_NON_LITERAL_NULL_CONVERSION = YES;
				CLANG_WARN_OBJC_IMPLICIT_RETAIN_SELF = YES;
				CLANG_WARN_OBJC_LITERAL_CONVERSION = YES;
				CLANG_WARN_OBJC_ROOT_CLASS = YES_ERROR;
				CLANG_WARN_QUOTED_INCLUDE_IN_FRAMEWORK_HEADER = YES;
				CLANG_WARN_RANGE_LOOP_ANALYSIS = YES;
				CLANG_WARN_STRICT_PROTOTYPES = YES;
				CLANG_WARN_SUSPICIOUS_MOVE = YES;
				CLANG_WARN_UNGUARDED_AVAILABILITY = YES_AGGRESSIVE;
				CLANG_WARN_UNREACHABLE_CODE = YES;
				CLANG_WARN__DUPLICATE_METHOD_MATCH = YES;
				COPY_PHASE_STRIP = NO;
				DEBUG_INFORMATION_FORMAT = dwarf;
				ENABLE_STRICT_OBJC_MSGSEND = YES;
				ENABLE_TESTABILITY = YES;
				GCC_C_LANGUAGE_STANDARD = gnu11;
				GCC_DYNAMIC_NO_PIC = NO;
				GCC_NO_COMMON_BLOCKS = YES;
				GCC_OPTIMIZATION_LEVEL = 0;
				GCC_PREPROCESSOR_DEFINITIONS = (
					"DEBUG=1",
					"$(inherited)",
				);
				GCC_WARN_64_TO_32_BIT_CONVERSION = YES;
				GCC_WARN_ABOUT_RETURN_TYPE = YES_ERROR;
				GCC_WARN_UNDECLARED_SELECTOR = YES;
				GCC_WARN_UNINITIALIZED_AUTOS = YES_AGGRESSIVE;
				GCC_WARN_UNUSED_FUNCTION = YES;
				GCC_WARN_UNUSED_VARIABLE = YES;
				IPHONEOS_DEPLOYMENT_TARGET = 14.0;
				MTL_ENABLE_DEBUG_INFO = INCLUDE_SOURCE;
				MTL_FAST_MATH = YES;
				ONLY_ACTIVE_ARCH = YES;
				SDKROOT = iphoneos;
				SWIFT_ACTIVE_COMPILATION_CONDITIONS = DEBUG;
				SWIFT_OPTIMIZATION_LEVEL = "-Onone";
			};
			name = Debug;
		};
		D9B4787A252AD48900E86B50 /* Release */ = {
			isa = XCBuildConfiguration;
			buildSettings = {
				ALWAYS_SEARCH_USER_PATHS = NO;
				CLANG_ANALYZER_NONNULL = YES;
				CLANG_ANALYZER_NUMBER_OBJECT_CONVERSION = YES_AGGRESSIVE;
				CLANG_CXX_LANGUAGE_STANDARD = "gnu++14";
				CLANG_CXX_LIBRARY = "libc++";
				CLANG_ENABLE_MODULES = YES;
				CLANG_ENABLE_OBJC_ARC = YES;
				CLANG_ENABLE_OBJC_WEAK = YES;
				CLANG_WARN_BLOCK_CAPTURE_AUTORELEASING = YES;
				CLANG_WARN_BOOL_CONVERSION = YES;
				CLANG_WARN_COMMA = YES;
				CLANG_WARN_CONSTANT_CONVERSION = YES;
				CLANG_WARN_DEPRECATED_OBJC_IMPLEMENTATIONS = YES;
				CLANG_WARN_DIRECT_OBJC_ISA_USAGE = YES_ERROR;
				CLANG_WARN_DOCUMENTATION_COMMENTS = YES;
				CLANG_WARN_EMPTY_BODY = YES;
				CLANG_WARN_ENUM_CONVERSION = YES;
				CLANG_WARN_INFINITE_RECURSION = YES;
				CLANG_WARN_INT_CONVERSION = YES;
				CLANG_WARN_NON_LITERAL_NULL_CONVERSION = YES;
				CLANG_WARN_OBJC_IMPLICIT_RETAIN_SELF = YES;
				CLANG_WARN_OBJC_LITERAL_CONVERSION = YES;
				CLANG_WARN_OBJC_ROOT_CLASS = YES_ERROR;
				CLANG_WARN_QUOTED_INCLUDE_IN_FRAMEWORK_HEADER = YES;
				CLANG_WARN_RANGE_LOOP_ANALYSIS = YES;
				CLANG_WARN_STRICT_PROTOTYPES = YES;
				CLANG_WARN_SUSPICIOUS_MOVE = YES;
				CLANG_WARN_UNGUARDED_AVAILABILITY = YES_AGGRESSIVE;
				CLANG_WARN_UNREACHABLE_CODE = YES;
				CLANG_WARN__DUPLICATE_METHOD_MATCH = YES;
				COPY_PHASE_STRIP = NO;
				DEBUG_INFORMATION_FORMAT = "dwarf-with-dsym";
				ENABLE_NS_ASSERTIONS = NO;
				ENABLE_STRICT_OBJC_MSGSEND = YES;
				GCC_C_LANGUAGE_STANDARD = gnu11;
				GCC_NO_COMMON_BLOCKS = YES;
				GCC_WARN_64_TO_32_BIT_CONVERSION = YES;
				GCC_WARN_ABOUT_RETURN_TYPE = YES_ERROR;
				GCC_WARN_UNDECLARED_SELECTOR = YES;
				GCC_WARN_UNINITIALIZED_AUTOS = YES_AGGRESSIVE;
				GCC_WARN_UNUSED_FUNCTION = YES;
				GCC_WARN_UNUSED_VARIABLE = YES;
				IPHONEOS_DEPLOYMENT_TARGET = 14.0;
				MTL_ENABLE_DEBUG_INFO = NO;
				MTL_FAST_MATH = YES;
				SDKROOT = iphoneos;
				SWIFT_COMPILATION_MODE = wholemodule;
				SWIFT_OPTIMIZATION_LEVEL = "-O";
				VALIDATE_PRODUCT = YES;
			};
			name = Release;
		};
		D9B4787C252AD48900E86B50 /* Debug */ = {
			isa = XCBuildConfiguration;
			buildSettings = {
				ASSETCATALOG_COMPILER_APPICON_NAME = AppIcon;
				ASSETCATALOG_COMPILER_GLOBAL_ACCENT_COLOR_NAME = AccentColor;
				CODE_SIGN_STYLE = Automatic;
				DEVELOPMENT_ASSET_PATHS = "\"WeathAir-iOS/Preview Content\"";
				DEVELOPMENT_TEAM = 2C26AD8SGU;
				ENABLE_PREVIEWS = YES;
				INFOPLIST_FILE = "WeathAir-iOS/Info.plist";
				LD_RUNPATH_SEARCH_PATHS = (
					"$(inherited)",
					"@executable_path/Frameworks",
				);
				PRODUCT_BUNDLE_IDENTIFIER = com.thomasewillson.Weathair;
				PRODUCT_NAME = "$(TARGET_NAME)";
				SWIFT_VERSION = 5.0;
				TARGETED_DEVICE_FAMILY = "1,2";
			};
			name = Debug;
		};
		D9B4787D252AD48900E86B50 /* Release */ = {
			isa = XCBuildConfiguration;
			buildSettings = {
				ASSETCATALOG_COMPILER_APPICON_NAME = AppIcon;
				ASSETCATALOG_COMPILER_GLOBAL_ACCENT_COLOR_NAME = AccentColor;
				CODE_SIGN_STYLE = Automatic;
				DEVELOPMENT_ASSET_PATHS = "\"WeathAir-iOS/Preview Content\"";
				DEVELOPMENT_TEAM = 2C26AD8SGU;
				ENABLE_PREVIEWS = YES;
				INFOPLIST_FILE = "WeathAir-iOS/Info.plist";
				LD_RUNPATH_SEARCH_PATHS = (
					"$(inherited)",
					"@executable_path/Frameworks",
				);
				PRODUCT_BUNDLE_IDENTIFIER = com.thomasewillson.Weathair;
				PRODUCT_NAME = "$(TARGET_NAME)";
				SWIFT_VERSION = 5.0;
				TARGETED_DEVICE_FAMILY = "1,2";
			};
			name = Release;
		};
/* End XCBuildConfiguration section */

/* Begin XCConfigurationList section */
		D9B47862252AD48800E86B50 /* Build configuration list for PBXProject "WeathAir-iOS" */ = {
			isa = XCConfigurationList;
			buildConfigurations = (
				D9B47879252AD48900E86B50 /* Debug */,
				D9B4787A252AD48900E86B50 /* Release */,
			);
			defaultConfigurationIsVisible = 0;
			defaultConfigurationName = Release;
		};
		D9B4787B252AD48900E86B50 /* Build configuration list for PBXNativeTarget "WeathAir-iOS" */ = {
			isa = XCConfigurationList;
			buildConfigurations = (
				D9B4787C252AD48900E86B50 /* Debug */,
				D9B4787D252AD48900E86B50 /* Release */,
			);
			defaultConfigurationIsVisible = 0;
			defaultConfigurationName = Release;
		};
/* End XCConfigurationList section */

/* Begin XCSwiftPackageProductDependency section */
		D92CD5D92544EF5000E461F6 /* WeathAirShared */ = {
			isa = XCSwiftPackageProductDependency;
			productName = WeathAirShared;
		};
/* End XCSwiftPackageProductDependency section */
	};
	rootObject = D9B4785F252AD48800E86B50 /* Project object */;
}
