// !$*UTF8*$!
{
	archiveVersion = 1;
	classes = {
	};
	objectVersion = 52;
	objects = {

/* Begin PBXBuildFile section */
		D9B47892252AD4B300E86B50 /* AppDelegate.swift in Sources */ = {isa = PBXBuildFile; fileRef = D9B47891252AD4B300E86B50 /* AppDelegate.swift */; };
		D9B47894252AD4B300E86B50 /* ContentView.swift in Sources */ = {isa = PBXBuildFile; fileRef = D9B47893252AD4B300E86B50 /* ContentView.swift */; };
		D9B47896252AD4B300E86B50 /* Assets.xcassets in Resources */ = {isa = PBXBuildFile; fileRef = D9B47895252AD4B300E86B50 /* Assets.xcassets */; };
		D9B47899252AD4B300E86B50 /* Preview Assets.xcassets in Resources */ = {isa = PBXBuildFile; fileRef = D9B47898252AD4B300E86B50 /* Preview Assets.xcassets */; };
		D9B4789C252AD4B300E86B50 /* Main.storyboard in Resources */ = {isa = PBXBuildFile; fileRef = D9B4789A252AD4B300E86B50 /* Main.storyboard */; };
		D9CD64292532A9E700685AAC /* WeathAirShared in Frameworks */ = {isa = PBXBuildFile; productRef = D9CD64282532A9E700685AAC /* WeathAirShared */; };
		D9CD64362532C3A700685AAC /* ViewModel.swift in Sources */ = {isa = PBXBuildFile; fileRef = D9CD64352532C3A700685AAC /* ViewModel.swift */; };
/* End PBXBuildFile section */

/* Begin PBXFileReference section */
		D9B4788E252AD4B300E86B50 /* WeathAir-macOS.app */ = {isa = PBXFileReference; explicitFileType = wrapper.application; includeInIndex = 0; path = "WeathAir-macOS.app"; sourceTree = BUILT_PRODUCTS_DIR; };
		D9B47891252AD4B300E86B50 /* AppDelegate.swift */ = {isa = PBXFileReference; lastKnownFileType = sourcecode.swift; path = AppDelegate.swift; sourceTree = "<group>"; };
		D9B47893252AD4B300E86B50 /* ContentView.swift */ = {isa = PBXFileReference; lastKnownFileType = sourcecode.swift; path = ContentView.swift; sourceTree = "<group>"; };
		D9B47895252AD4B300E86B50 /* Assets.xcassets */ = {isa = PBXFileReference; lastKnownFileType = folder.assetcatalog; path = Assets.xcassets; sourceTree = "<group>"; };
		D9B47898252AD4B300E86B50 /* Preview Assets.xcassets */ = {isa = PBXFileReference; lastKnownFileType = folder.assetcatalog; path = "Preview Assets.xcassets"; sourceTree = "<group>"; };
		D9B4789B252AD4B300E86B50 /* Base */ = {isa = PBXFileReference; lastKnownFileType = file.storyboard; name = Base; path = Base.lproj/Main.storyboard; sourceTree = "<group>"; };
		D9B4789D252AD4B300E86B50 /* Info.plist */ = {isa = PBXFileReference; lastKnownFileType = text.plist.xml; path = Info.plist; sourceTree = "<group>"; };
		D9B4789E252AD4B300E86B50 /* WeathAir_macOS.entitlements */ = {isa = PBXFileReference; lastKnownFileType = text.plist.entitlements; path = WeathAir_macOS.entitlements; sourceTree = "<group>"; };
		D9CD64352532C3A700685AAC /* ViewModel.swift */ = {isa = PBXFileReference; lastKnownFileType = sourcecode.swift; path = ViewModel.swift; sourceTree = "<group>"; };
/* End PBXFileReference section */

/* Begin PBXFrameworksBuildPhase section */
		D9B4788B252AD4B300E86B50 /* Frameworks */ = {
			isa = PBXFrameworksBuildPhase;
			buildActionMask = 2147483647;
			files = (
				D9CD64292532A9E700685AAC /* WeathAirShared in Frameworks */,
			);
			runOnlyForDeploymentPostprocessing = 0;
		};
/* End PBXFrameworksBuildPhase section */

/* Begin PBXGroup section */
		D9B47885252AD4B300E86B50 = {
			isa = PBXGroup;
			children = (
				D9B47890252AD4B300E86B50 /* WeathAir-macOS */,
				D9B4788F252AD4B300E86B50 /* Products */,
				D9CD641825329F8700685AAC /* Frameworks */,
			);
			sourceTree = "<group>";
		};
		D9B4788F252AD4B300E86B50 /* Products */ = {
			isa = PBXGroup;
			children = (
				D9B4788E252AD4B300E86B50 /* WeathAir-macOS.app */,
			);
			name = Products;
			sourceTree = "<group>";
		};
		D9B47890252AD4B300E86B50 /* WeathAir-macOS */ = {
			isa = PBXGroup;
			children = (
				D9B47891252AD4B300E86B50 /* AppDelegate.swift */,
				D9B47893252AD4B300E86B50 /* ContentView.swift */,
				D9B47895252AD4B300E86B50 /* Assets.xcassets */,
				D9B4789A252AD4B300E86B50 /* Main.storyboard */,
				D9B4789D252AD4B300E86B50 /* Info.plist */,
				D9B4789E252AD4B300E86B50 /* WeathAir_macOS.entitlements */,
				D9B47897252AD4B300E86B50 /* Preview Content */,
				D9CD64352532C3A700685AAC /* ViewModel.swift */,
			);
			path = "WeathAir-macOS";
			sourceTree = "<group>";
		};
		D9B47897252AD4B300E86B50 /* Preview Content */ = {
			isa = PBXGroup;
			children = (
				D9B47898252AD4B300E86B50 /* Preview Assets.xcassets */,
			);
			path = "Preview Content";
			sourceTree = "<group>";
		};
		D9CD641825329F8700685AAC /* Frameworks */ = {
			isa = PBXGroup;
			children = (
			);
			name = Frameworks;
			sourceTree = "<group>";
		};
/* End PBXGroup section */

/* Begin PBXNativeTarget section */
		D9B4788D252AD4B300E86B50 /* WeathAir-macOS */ = {
			isa = PBXNativeTarget;
			buildConfigurationList = D9B478A1252AD4B300E86B50 /* Build configuration list for PBXNativeTarget "WeathAir-macOS" */;
			buildPhases = (
				D9B4788A252AD4B300E86B50 /* Sources */,
				D9B4788B252AD4B300E86B50 /* Frameworks */,
				D9B4788C252AD4B300E86B50 /* Resources */,
			);
			buildRules = (
			);
			dependencies = (
			);
			name = "WeathAir-macOS";
			packageProductDependencies = (
				D9CD64282532A9E700685AAC /* WeathAirShared */,
			);
			productName = "WeathAir-macOS";
			productReference = D9B4788E252AD4B300E86B50 /* WeathAir-macOS.app */;
			productType = "com.apple.product-type.application";
		};
/* End PBXNativeTarget section */

/* Begin PBXProject section */
		D9B47886252AD4B300E86B50 /* Project object */ = {
			isa = PBXProject;
			attributes = {
				LastSwiftUpdateCheck = 1200;
				LastUpgradeCheck = 1200;
				TargetAttributes = {
					D9B4788D252AD4B300E86B50 = {
						CreatedOnToolsVersion = 12.0.1;
					};
				};
			};
			buildConfigurationList = D9B47889252AD4B300E86B50 /* Build configuration list for PBXProject "WeathAir-macOS" */;
			compatibilityVersion = "Xcode 9.3";
			developmentRegion = en;
			hasScannedForEncodings = 0;
			knownRegions = (
				en,
				Base,
			);
			mainGroup = D9B47885252AD4B300E86B50;
			productRefGroup = D9B4788F252AD4B300E86B50 /* Products */;
			projectDirPath = "";
			projectRoot = "";
			targets = (
				D9B4788D252AD4B300E86B50 /* WeathAir-macOS */,
			);
		};
/* End PBXProject section */

/* Begin PBXResourcesBuildPhase section */
		D9B4788C252AD4B300E86B50 /* Resources */ = {
			isa = PBXResourcesBuildPhase;
			buildActionMask = 2147483647;
			files = (
				D9B4789C252AD4B300E86B50 /* Main.storyboard in Resources */,
				D9B47899252AD4B300E86B50 /* Preview Assets.xcassets in Resources */,
				D9B47896252AD4B300E86B50 /* Assets.xcassets in Resources */,
			);
			runOnlyForDeploymentPostprocessing = 0;
		};
/* End PBXResourcesBuildPhase section */

/* Begin PBXSourcesBuildPhase section */
		D9B4788A252AD4B300E86B50 /* Sources */ = {
			isa = PBXSourcesBuildPhase;
			buildActionMask = 2147483647;
			files = (
				D9B47894252AD4B300E86B50 /* ContentView.swift in Sources */,
				D9CD64362532C3A700685AAC /* ViewModel.swift in Sources */,
				D9B47892252AD4B300E86B50 /* AppDelegate.swift in Sources */,
			);
			runOnlyForDeploymentPostprocessing = 0;
		};
/* End PBXSourcesBuildPhase section */

/* Begin PBXVariantGroup section */
		D9B4789A252AD4B300E86B50 /* Main.storyboard */ = {
			isa = PBXVariantGroup;
			children = (
				D9B4789B252AD4B300E86B50 /* Base */,
			);
			name = Main.storyboard;
			sourceTree = "<group>";
		};
/* End PBXVariantGroup section */

/* Begin XCBuildConfiguration section */
		D9B4789F252AD4B300E86B50 /* Debug */ = {
			isa = XCBuildConfiguration;
			buildSettings = {
				ALWAYS_SEARCH_USER_PATHS = NO;
				CLANG_ANALYZER_NONNULL = YES;
				CLANG_ANALYZER_NUMBER_OBJECT_CONVERSION = YES_AGGRESSIVE;
				CLANG_CXX_LANGUAGE_STANDARD = "gnu++14";
				CLANG_CXX_LIBRARY = "libc++";
				CLANG_ENABLE_MODULES = YES;
				CLANG_ENABLE_OBJC_ARC = YES;
				CLANG_ENABLE_OBJC_WEAK = YES;
				CLANG_WARN_BLOCK_CAPTURE_AUTORELEASING = YES;
				CLANG_WARN_BOOL_CONVERSION = YES;
				CLANG_WARN_COMMA = YES;
				CLANG_WARN_CONSTANT_CONVERSION = YES;
				CLANG_WARN_DEPRECATED_OBJC_IMPLEMENTATIONS = YES;
				CLANG_WARN_DIRECT_OBJC_ISA_USAGE = YES_ERROR;
				CLANG_WARN_DOCUMENTATION_COMMENTS = YES;
				CLANG_WARN_EMPTY_BODY = YES;
				CLANG_WARN_ENUM_CONVERSION = YES;
				CLANG_WARN_INFINITE_RECURSION = YES;
				CLANG_WARN_INT_CONVERSION = YES;
				CLANG_WARN_NON_LITERAL_NULL_CONVERSION = YES;
				CLANG_WARN_OBJC_IMPLICIT_RETAIN_SELF = YES;
				CLANG_WARN_OBJC_LITERAL_CONVERSION = YES;
				CLANG_WARN_OBJC_ROOT_CLASS = YES_ERROR;
				CLANG_WARN_QUOTED_INCLUDE_IN_FRAMEWORK_HEADER = YES;
				CLANG_WARN_RANGE_LOOP_ANALYSIS = YES;
				CLANG_WARN_STRICT_PROTOTYPES = YES;
				CLANG_WARN_SUSPICIOUS_MOVE = YES;
				CLANG_WARN_UNGUARDED_AVAILABILITY = YES_AGGRESSIVE;
				CLANG_WARN_UNREACHABLE_CODE = YES;
				CLANG_WARN__DUPLICATE_METHOD_MATCH = YES;
				COPY_PHASE_STRIP = NO;
				DEBUG_INFORMATION_FORMAT = dwarf;
				ENABLE_STRICT_OBJC_MSGSEND = YES;
				ENABLE_TESTABILITY = YES;
				GCC_C_LANGUAGE_STANDARD = gnu11;
				GCC_DYNAMIC_NO_PIC = NO;
				GCC_NO_COMMON_BLOCKS = YES;
				GCC_OPTIMIZATION_LEVEL = 0;
				GCC_PREPROCESSOR_DEFINITIONS = (
					"DEBUG=1",
					"$(inherited)",
				);
				GCC_WARN_64_TO_32_BIT_CONVERSION = YES;
				GCC_WARN_ABOUT_RETURN_TYPE = YES_ERROR;
				GCC_WARN_UNDECLARED_SELECTOR = YES;
				GCC_WARN_UNINITIALIZED_AUTOS = YES_AGGRESSIVE;
				GCC_WARN_UNUSED_FUNCTION = YES;
				GCC_WARN_UNUSED_VARIABLE = YES;
				MACOSX_DEPLOYMENT_TARGET = 10.15;
				MTL_ENABLE_DEBUG_INFO = INCLUDE_SOURCE;
				MTL_FAST_MATH = YES;
				ONLY_ACTIVE_ARCH = YES;
				SDKROOT = macosx;
				SWIFT_ACTIVE_COMPILATION_CONDITIONS = DEBUG;
				SWIFT_OPTIMIZATION_LEVEL = "-Onone";
			};
			name = Debug;
		};
		D9B478A0252AD4B300E86B50 /* Release */ = {
			isa = XCBuildConfiguration;
			buildSettings = {
				ALWAYS_SEARCH_USER_PATHS = NO;
				CLANG_ANALYZER_NONNULL = YES;
				CLANG_ANALYZER_NUMBER_OBJECT_CONVERSION = YES_AGGRESSIVE;
				CLANG_CXX_LANGUAGE_STANDARD = "gnu++14";
				CLANG_CXX_LIBRARY = "libc++";
				CLANG_ENABLE_MODULES = YES;
				CLANG_ENABLE_OBJC_ARC = YES;
				CLANG_ENABLE_OBJC_WEAK = YES;
				CLANG_WARN_BLOCK_CAPTURE_AUTORELEASING = YES;
				CLANG_WARN_BOOL_CONVERSION = YES;
				CLANG_WARN_COMMA = YES;
				CLANG_WARN_CONSTANT_CONVERSION = YES;
				CLANG_WARN_DEPRECATED_OBJC_IMPLEMENTATIONS = YES;
				CLANG_WARN_DIRECT_OBJC_ISA_USAGE = YES_ERROR;
				CLANG_WARN_DOCUMENTATION_COMMENTS = YES;
				CLANG_WARN_EMPTY_BODY = YES;
				CLANG_WARN_ENUM_CONVERSION = YES;
				CLANG_WARN_INFINITE_RECURSION = YES;
				CLANG_WARN_INT_CONVERSION = YES;
				CLANG_WARN_NON_LITERAL_NULL_CONVERSION = YES;
				CLANG_WARN_OBJC_IMPLICIT_RETAIN_SELF = YES;
				CLANG_WARN_OBJC_LITERAL_CONVERSION = YES;
				CLANG_WARN_OBJC_ROOT_CLASS = YES_ERROR;
				CLANG_WARN_QUOTED_INCLUDE_IN_FRAMEWORK_HEADER = YES;
				CLANG_WARN_RANGE_LOOP_ANALYSIS = YES;
				CLANG_WARN_STRICT_PROTOTYPES = YES;
				CLANG_WARN_SUSPICIOUS_MOVE = YES;
				CLANG_WARN_UNGUARDED_AVAILABILITY = YES_AGGRESSIVE;
				CLANG_WARN_UNREACHABLE_CODE = YES;
				CLANG_WARN__DUPLICATE_METHOD_MATCH = YES;
				COPY_PHASE_STRIP = NO;
				DEBUG_INFORMATION_FORMAT = "dwarf-with-dsym";
				ENABLE_NS_ASSERTIONS = NO;
				ENABLE_STRICT_OBJC_MSGSEND = YES;
				GCC_C_LANGUAGE_STANDARD = gnu11;
				GCC_NO_COMMON_BLOCKS = YES;
				GCC_WARN_64_TO_32_BIT_CONVERSION = YES;
				GCC_WARN_ABOUT_RETURN_TYPE = YES_ERROR;
				GCC_WARN_UNDECLARED_SELECTOR = YES;
				GCC_WARN_UNINITIALIZED_AUTOS = YES_AGGRESSIVE;
				GCC_WARN_UNUSED_FUNCTION = YES;
				GCC_WARN_UNUSED_VARIABLE = YES;
				MACOSX_DEPLOYMENT_TARGET = 10.15;
				MTL_ENABLE_DEBUG_INFO = NO;
				MTL_FAST_MATH = YES;
				SDKROOT = macosx;
				SWIFT_COMPILATION_MODE = wholemodule;
				SWIFT_OPTIMIZATION_LEVEL = "-O";
			};
			name = Release;
		};
		D9B478A2252AD4B300E86B50 /* Debug */ = {
			isa = XCBuildConfiguration;
			buildSettings = {
				ASSETCATALOG_COMPILER_APPICON_NAME = AppIcon;
				ASSETCATALOG_COMPILER_GLOBAL_ACCENT_COLOR_NAME = AccentColor;
				CODE_SIGN_ENTITLEMENTS = "WeathAir-macOS/WeathAir_macOS.entitlements";
				CODE_SIGN_STYLE = Automatic;
				COMBINE_HIDPI_IMAGES = YES;
				DEVELOPMENT_ASSET_PATHS = "\"WeathAir-macOS/Preview Content\"";
				DEVELOPMENT_TEAM = 2C26AD8SGU;
				ENABLE_HARDENED_RUNTIME = YES;
				ENABLE_PREVIEWS = YES;
				INFOPLIST_FILE = "WeathAir-macOS/Info.plist";
				LD_RUNPATH_SEARCH_PATHS = (
					"$(inherited)",
					"@executable_path/../Frameworks",
				);
				MACOSX_DEPLOYMENT_TARGET = 10.15;
				PRODUCT_BUNDLE_IDENTIFIER = com.thomasewillson.Weathair;
				PRODUCT_NAME = "$(TARGET_NAME)";
				SWIFT_VERSION = 5.0;
			};
			name = Debug;
		};
		D9B478A3252AD4B300E86B50 /* Release */ = {
			isa = XCBuildConfiguration;
			buildSettings = {
				ASSETCATALOG_COMPILER_APPICON_NAME = AppIcon;
				ASSETCATALOG_COMPILER_GLOBAL_ACCENT_COLOR_NAME = AccentColor;
				CODE_SIGN_ENTITLEMENTS = "WeathAir-macOS/WeathAir_macOS.entitlements";
				CODE_SIGN_STYLE = Automatic;
				COMBINE_HIDPI_IMAGES = YES;
				DEVELOPMENT_ASSET_PATHS = "\"WeathAir-macOS/Preview Content\"";
				DEVELOPMENT_TEAM = 2C26AD8SGU;
				ENABLE_HARDENED_RUNTIME = YES;
				ENABLE_PREVIEWS = YES;
				INFOPLIST_FILE = "WeathAir-macOS/Info.plist";
				LD_RUNPATH_SEARCH_PATHS = (
					"$(inherited)",
					"@executable_path/../Frameworks",
				);
				MACOSX_DEPLOYMENT_TARGET = 10.15;
				PRODUCT_BUNDLE_IDENTIFIER = com.thomasewillson.Weathair;
				PRODUCT_NAME = "$(TARGET_NAME)";
				SWIFT_VERSION = 5.0;
			};
			name = Release;
		};
/* End XCBuildConfiguration section */

/* Begin XCConfigurationList section */
		D9B47889252AD4B300E86B50 /* Build configuration list for PBXProject "WeathAir-macOS" */ = {
			isa = XCConfigurationList;
			buildConfigurations = (
				D9B4789F252AD4B300E86B50 /* Debug */,
				D9B478A0252AD4B300E86B50 /* Release */,
			);
			defaultConfigurationIsVisible = 0;
			defaultConfigurationName = Release;
		};
		D9B478A1252AD4B300E86B50 /* Build configuration list for PBXNativeTarget "WeathAir-macOS" */ = {
			isa = XCConfigurationList;
			buildConfigurations = (
				D9B478A2252AD4B300E86B50 /* Debug */,
				D9B478A3252AD4B300E86B50 /* Release */,
			);
			defaultConfigurationIsVisible = 0;
			defaultConfigurationName = Release;
		};
/* End XCConfigurationList section */

/* Begin XCSwiftPackageProductDependency section */
		D9CD64282532A9E700685AAC /* WeathAirShared */ = {
			isa = XCSwiftPackageProductDependency;
			productName = WeathAirShared;
		};
/* End XCSwiftPackageProductDependency section */
	};
	rootObject = D9B47886252AD4B300E86B50 /* Project object */;
}
